
Microsoft Visual Studio Solution File, Format Version 12.00
# Visual Studio Version 17
VisualStudioVersion = 17.13.35806.99
MinimumVisualStudioVersion = 10.0.40219.1
Project("{FAE04EC0-301F-11D3-BF4B-00C04F79EFBC}") = "C#-2.VİDEO", "C#-2.VİDEO\C#-2.VİDEO.csproj", "{DCAFD2D8-F82D-434D-A0BD-44518537222B}"
EndProject
Project("{FAE04EC0-301F-11D3-BF4B-00C04F79EFBC}") = "C#-1.VİDEO", "C#-1.VİDEO\C#-1.VİDEO.csproj", "{C169B640-AB07-4E7B-BF13-9A59D5288573}"
EndProject
Project("{FAE04EC0-301F-11D3-BF4B-00C04F79EFBC}") = "C#-3.VİDEO", "C#-3.Video\C#-3.VİDEO.csproj", "{90F0786F-D622-47A6-8F1F-A3F024722361}"
EndProject
Project("{FAE04EC0-301F-11D3-BF4B-00C04F79EFBC}") = "C#-4.VİDEO", "C#-4.DERS\C#-4.VİDEO.csproj", "{FD65226C-65B0-438B-9C60-307BAC9888B1}"
EndProject
Project("{FAE04EC0-301F-11D3-BF4B-00C04F79EFBC}") = "C#-5.VİDEO", "Video5-C#\C#-5.VİDEO.csproj", "{463E26B2-07F8-4B5A-B71C-2F92761AD9B1}"
EndProject
Project("{FAE04EC0-301F-11D3-BF4B-00C04F79EFBC}") = "C#-6.VİDEO", "C#-6.VİDEO\C#-6.VİDEO.csproj", "{97965A72-46D9-4D6A-B9FD-4C13DF3E3366}"
EndProject
Project("{FAE04EC0-301F-11D3-BF4B-00C04F79EFBC}") = "C#-7.VİDEO", "C#-7.VİDEO\C#-7.VİDEO.csproj", "{A4726C88-7D28-4780-AD95-0E332234A317}"
EndProject
Global
	GlobalSection(SolutionConfigurationPlatforms) = preSolution
		Debug|Any CPU = Debug|Any CPU
		Release|Any CPU = Release|Any CPU
	EndGlobalSection
	GlobalSection(ProjectConfigurationPlatforms) = postSolution
		{DCAFD2D8-F82D-434D-A0BD-44518537222B}.Debug|Any CPU.ActiveCfg = Debug|Any CPU
		{DCAFD2D8-F82D-434D-A0BD-44518537222B}.Debug|Any CPU.Build.0 = Debug|Any CPU
		{DCAFD2D8-F82D-434D-A0BD-44518537222B}.Release|Any CPU.ActiveCfg = Release|Any CPU
		{DCAFD2D8-F82D-434D-A0BD-44518537222B}.Release|Any CPU.Build.0 = Release|Any CPU
		{C169B640-AB07-4E7B-BF13-9A59D5288573}.Debug|Any CPU.ActiveCfg = Debug|Any CPU
		{C169B640-AB07-4E7B-BF13-9A59D5288573}.Debug|Any CPU.Build.0 = Debug|Any CPU
		{C169B640-AB07-4E7B-BF13-9A59D5288573}.Release|Any CPU.ActiveCfg = Release|Any CPU
		{C169B640-AB07-4E7B-BF13-9A59D5288573}.Release|Any CPU.Build.0 = Release|Any CPU
		{90F0786F-D622-47A6-8F1F-A3F024722361}.Debug|Any CPU.ActiveCfg = Debug|Any CPU
		{90F0786F-D622-47A6-8F1F-A3F024722361}.Debug|Any CPU.Build.0 = Debug|Any CPU
		{90F0786F-D622-47A6-8F1F-A3F024722361}.Release|Any CPU.ActiveCfg = Release|Any CPU
		{90F0786F-D622-47A6-8F1F-A3F024722361}.Release|Any CPU.Build.0 = Release|Any CPU
		{FD65226C-65B0-438B-9C60-307BAC9888B1}.Debug|Any CPU.ActiveCfg = Debug|Any CPU
		{FD65226C-65B0-438B-9C60-307BAC9888B1}.Debug|Any CPU.Build.0 = Debug|Any CPU
		{FD65226C-65B0-438B-9C60-307BAC9888B1}.Release|Any CPU.ActiveCfg = Release|Any CPU
		{FD65226C-65B0-438B-9C60-307BAC9888B1}.Release|Any CPU.Build.0 = Release|Any CPU
		{463E26B2-07F8-4B5A-B71C-2F92761AD9B1}.Debug|Any CPU.ActiveCfg = Debug|Any CPU
		{463E26B2-07F8-4B5A-B71C-2F92761AD9B1}.Debug|Any CPU.Build.0 = Debug|Any CPU
		{463E26B2-07F8-4B5A-B71C-2F92761AD9B1}.Release|Any CPU.ActiveCfg = Release|Any CPU
		{463E26B2-07F8-4B5A-B71C-2F92761AD9B1}.Release|Any CPU.Build.0 = Release|Any CPU
		{97965A72-46D9-4D6A-B9FD-4C13DF3E3366}.Debug|Any CPU.ActiveCfg = Debug|Any CPU
		{97965A72-46D9-4D6A-B9FD-4C13DF3E3366}.Debug|Any CPU.Build.0 = Debug|Any CPU
		{97965A72-46D9-4D6A-B9FD-4C13DF3E3366}.Release|Any CPU.ActiveCfg = Release|Any CPU
		{97965A72-46D9-4D6A-B9FD-4C13DF3E3366}.Release|Any CPU.Build.0 = Release|Any CPU
		{A4726C88-7D28-4780-AD95-0E332234A317}.Debug|Any CPU.ActiveCfg = Debug|Any CPU
		{A4726C88-7D28-4780-AD95-0E332234A317}.Debug|Any CPU.Build.0 = Debug|Any CPU
		{A4726C88-7D28-4780-AD95-0E332234A317}.Release|Any CPU.ActiveCfg = Release|Any CPU
		{A4726C88-7D28-4780-AD95-0E332234A317}.Release|Any CPU.Build.0 = Release|Any CPU
	EndGlobalSection
	GlobalSection(SolutionProperties) = preSolution
		HideSolutionNode = FALSE
	EndGlobalSection
	GlobalSection(ExtensibilityGlobals) = postSolution
		SolutionGuid = {ABCF5E2E-F7EC-4237-A7E6-C90D5F027A2F}
	EndGlobalSection
EndGlobal
